
Microsoft Visual Studio Solution File, Format Version 12.00
# Visual Studio 15
VisualStudioVersion = 15.0.27004.2009
MinimumVisualStudioVersion = 10.0.40219.1
Project("{FAE04EC0-301F-11D3-BF4B-00C04F79EFBC}") = "Service", "Service\Service.csproj", "{D888BF90-52DA-4119-9576-7DD80A9E3520}"
EndProject
Project("{FAE04EC0-301F-11D3-BF4B-00C04F79EFBC}") = "MVC", "MVC_Project\MVC.csproj", "{CC35DD7F-3FBF-4C90-8819-3F2C3F48CF96}"
EndProject
Global
	GlobalSection(SolutionConfigurationPlatforms) = preSolution
		Debug|Any CPU = Debug|Any CPU
		Release|Any CPU = Release|Any CPU
	EndGlobalSection
	GlobalSection(ProjectConfigurationPlatforms) = postSolution
		{D888BF90-52DA-4119-9576-7DD80A9E3520}.Debug|Any CPU.ActiveCfg = Debug|Any CPU
		{D888BF90-52DA-4119-9576-7DD80A9E3520}.Debug|Any CPU.Build.0 = Debug|Any CPU
		{D888BF90-52DA-4119-9576-7DD80A9E3520}.Release|Any CPU.ActiveCfg = Release|Any CPU
		{D888BF90-52DA-4119-9576-7DD80A9E3520}.Release|Any CPU.Build.0 = Release|Any CPU
		{CC35DD7F-3FBF-4C90-8819-3F2C3F48CF96}.Debug|Any CPU.ActiveCfg = Debug|Any CPU
		{CC35DD7F-3FBF-4C90-8819-3F2C3F48CF96}.Debug|Any CPU.Build.0 = Debug|Any CPU
		{CC35DD7F-3FBF-4C90-8819-3F2C3F48CF96}.Release|Any CPU.ActiveCfg = Release|Any CPU
		{CC35DD7F-3FBF-4C90-8819-3F2C3F48CF96}.Release|Any CPU.Build.0 = Release|Any CPU
	EndGlobalSection
	GlobalSection(SolutionProperties) = preSolution
		HideSolutionNode = FALSE
	EndGlobalSection
	GlobalSection(ExtensibilityGlobals) = postSolution
		SolutionGuid = {7E3ECE32-C943-4F63-A3FD-89B6C2C60764}
	EndGlobalSection
EndGlobal
