
Microsoft Visual Studio Solution File, Format Version 12.00
# Visual Studio 15
VisualStudioVersion = 15.0.27130.2003
MinimumVisualStudioVersion = 10.0.40219.1
Project("{FAE04EC0-301F-11D3-BF4B-00C04F79EFBC}") = "MVC", "MVC\MVC.csproj", "{CC35DD7F-3FBF-4C90-8819-3F2C3F48CF96}"
EndProject
Project("{FAE04EC0-301F-11D3-BF4B-00C04F79EFBC}") = "DAL", "DAL\DAL.csproj", "{9A02D40F-DDE5-45BA-AE2F-12C047D103CB}"
EndProject
Project("{FAE04EC0-301F-11D3-BF4B-00C04F79EFBC}") = "Common", "Common\Common.csproj", "{A59BB1FF-8F9F-4B30-A686-D65EF3FE1F52}"
EndProject
Project("{FAE04EC0-301F-11D3-BF4B-00C04F79EFBC}") = "Model", "Model\Model.csproj", "{B9C82489-C087-43B7-A622-EC04CDFEFBC8}"
EndProject
Project("{FAE04EC0-301F-11D3-BF4B-00C04F79EFBC}") = "Service.Common", "Service.Common\Service.Common.csproj", "{168D3938-D375-4E05-AD50-7A160371526D}"
EndProject
Project("{FAE04EC0-301F-11D3-BF4B-00C04F79EFBC}") = "Model.Common", "Model.Common\Model.Common.csproj", "{1F7DA79C-A9DA-4988-90EF-F4C0BB2DCD07}"
EndProject
Project("{FAE04EC0-301F-11D3-BF4B-00C04F79EFBC}") = "Repository", "Repository\Repository.csproj", "{07368585-6519-4BE5-BB0E-EF7D30BA701C}"
EndProject
Project("{FAE04EC0-301F-11D3-BF4B-00C04F79EFBC}") = "Service", "Service\Service.csproj", "{A1CD2B92-5D57-4C9E-A602-2A4E09873787}"
EndProject
Project("{FAE04EC0-301F-11D3-BF4B-00C04F79EFBC}") = "Repository.Commons", "Repository.Commons\Repository.Commons.csproj", "{7CFFD4A1-D814-4722-95DD-B376C314F46B}"
EndProject
Project("{FAE04EC0-301F-11D3-BF4B-00C04F79EFBC}") = "WebApi", "WebApi\WebApi.csproj", "{4D33693B-C9E0-4C58-AFF6-06CDC4DAA6ED}"
EndProject
Global
	GlobalSection(SolutionConfigurationPlatforms) = preSolution
		Debug|Any CPU = Debug|Any CPU
		Release|Any CPU = Release|Any CPU
	EndGlobalSection
	GlobalSection(ProjectConfigurationPlatforms) = postSolution
		{CC35DD7F-3FBF-4C90-8819-3F2C3F48CF96}.Debug|Any CPU.ActiveCfg = Debug|Any CPU
		{CC35DD7F-3FBF-4C90-8819-3F2C3F48CF96}.Debug|Any CPU.Build.0 = Debug|Any CPU
		{CC35DD7F-3FBF-4C90-8819-3F2C3F48CF96}.Release|Any CPU.ActiveCfg = Release|Any CPU
		{CC35DD7F-3FBF-4C90-8819-3F2C3F48CF96}.Release|Any CPU.Build.0 = Release|Any CPU
		{9A02D40F-DDE5-45BA-AE2F-12C047D103CB}.Debug|Any CPU.ActiveCfg = Debug|Any CPU
		{9A02D40F-DDE5-45BA-AE2F-12C047D103CB}.Debug|Any CPU.Build.0 = Debug|Any CPU
		{9A02D40F-DDE5-45BA-AE2F-12C047D103CB}.Release|Any CPU.ActiveCfg = Release|Any CPU
		{9A02D40F-DDE5-45BA-AE2F-12C047D103CB}.Release|Any CPU.Build.0 = Release|Any CPU
		{A59BB1FF-8F9F-4B30-A686-D65EF3FE1F52}.Debug|Any CPU.ActiveCfg = Debug|Any CPU
		{A59BB1FF-8F9F-4B30-A686-D65EF3FE1F52}.Debug|Any CPU.Build.0 = Debug|Any CPU
		{A59BB1FF-8F9F-4B30-A686-D65EF3FE1F52}.Release|Any CPU.ActiveCfg = Release|Any CPU
		{A59BB1FF-8F9F-4B30-A686-D65EF3FE1F52}.Release|Any CPU.Build.0 = Release|Any CPU
		{B9C82489-C087-43B7-A622-EC04CDFEFBC8}.Debug|Any CPU.ActiveCfg = Debug|Any CPU
		{B9C82489-C087-43B7-A622-EC04CDFEFBC8}.Debug|Any CPU.Build.0 = Debug|Any CPU
		{B9C82489-C087-43B7-A622-EC04CDFEFBC8}.Release|Any CPU.ActiveCfg = Release|Any CPU
		{B9C82489-C087-43B7-A622-EC04CDFEFBC8}.Release|Any CPU.Build.0 = Release|Any CPU
		{168D3938-D375-4E05-AD50-7A160371526D}.Debug|Any CPU.ActiveCfg = Debug|Any CPU
		{168D3938-D375-4E05-AD50-7A160371526D}.Debug|Any CPU.Build.0 = Debug|Any CPU
		{168D3938-D375-4E05-AD50-7A160371526D}.Release|Any CPU.ActiveCfg = Release|Any CPU
		{168D3938-D375-4E05-AD50-7A160371526D}.Release|Any CPU.Build.0 = Release|Any CPU
		{1F7DA79C-A9DA-4988-90EF-F4C0BB2DCD07}.Debug|Any CPU.ActiveCfg = Debug|Any CPU
		{1F7DA79C-A9DA-4988-90EF-F4C0BB2DCD07}.Debug|Any CPU.Build.0 = Debug|Any CPU
		{1F7DA79C-A9DA-4988-90EF-F4C0BB2DCD07}.Release|Any CPU.ActiveCfg = Release|Any CPU
		{1F7DA79C-A9DA-4988-90EF-F4C0BB2DCD07}.Release|Any CPU.Build.0 = Release|Any CPU
		{07368585-6519-4BE5-BB0E-EF7D30BA701C}.Debug|Any CPU.ActiveCfg = Debug|Any CPU
		{07368585-6519-4BE5-BB0E-EF7D30BA701C}.Debug|Any CPU.Build.0 = Debug|Any CPU
		{07368585-6519-4BE5-BB0E-EF7D30BA701C}.Release|Any CPU.ActiveCfg = Release|Any CPU
		{07368585-6519-4BE5-BB0E-EF7D30BA701C}.Release|Any CPU.Build.0 = Release|Any CPU
		{A1CD2B92-5D57-4C9E-A602-2A4E09873787}.Debug|Any CPU.ActiveCfg = Debug|Any CPU
		{A1CD2B92-5D57-4C9E-A602-2A4E09873787}.Debug|Any CPU.Build.0 = Debug|Any CPU
		{A1CD2B92-5D57-4C9E-A602-2A4E09873787}.Release|Any CPU.ActiveCfg = Release|Any CPU
		{A1CD2B92-5D57-4C9E-A602-2A4E09873787}.Release|Any CPU.Build.0 = Release|Any CPU
		{7CFFD4A1-D814-4722-95DD-B376C314F46B}.Debug|Any CPU.ActiveCfg = Debug|Any CPU
		{7CFFD4A1-D814-4722-95DD-B376C314F46B}.Debug|Any CPU.Build.0 = Debug|Any CPU
		{7CFFD4A1-D814-4722-95DD-B376C314F46B}.Release|Any CPU.ActiveCfg = Release|Any CPU
		{7CFFD4A1-D814-4722-95DD-B376C314F46B}.Release|Any CPU.Build.0 = Release|Any CPU
		{4D33693B-C9E0-4C58-AFF6-06CDC4DAA6ED}.Debug|Any CPU.ActiveCfg = Debug|Any CPU
		{4D33693B-C9E0-4C58-AFF6-06CDC4DAA6ED}.Debug|Any CPU.Build.0 = Debug|Any CPU
		{4D33693B-C9E0-4C58-AFF6-06CDC4DAA6ED}.Release|Any CPU.ActiveCfg = Release|Any CPU
		{4D33693B-C9E0-4C58-AFF6-06CDC4DAA6ED}.Release|Any CPU.Build.0 = Release|Any CPU
	EndGlobalSection
	GlobalSection(SolutionProperties) = preSolution
		HideSolutionNode = FALSE
	EndGlobalSection
	GlobalSection(ExtensibilityGlobals) = postSolution
		SolutionGuid = {7E3ECE32-C943-4F63-A3FD-89B6C2C60764}
	EndGlobalSection
EndGlobal
